
Microsoft Visual Studio Solution File, Format Version 12.00
# Visual Studio Version 17
VisualStudioVersion = 17.9.34728.123
MinimumVisualStudioVersion = 10.0.40219.1
Project("{FAE04EC0-301F-11D3-BF4B-00C04F79EFBC}") = "TCM.API", "TCM.API\TCM.API.csproj", "{9DD6E1C5-FC11-482B-A3D8-84C146B9C17A}"
EndProject
Global
	GlobalSection(SolutionConfigurationPlatforms) = preSolution
		Debug|Any CPU = Debug|Any CPU
		Release|Any CPU = Release|Any CPU
	EndGlobalSection
	GlobalSection(ProjectConfigurationPlatforms) = postSolution
		{9DD6E1C5-FC11-482B-A3D8-84C146B9C17A}.Debug|Any CPU.ActiveCfg = Debug|Any CPU
		{9DD6E1C5-FC11-482B-A3D8-84C146B9C17A}.Debug|Any CPU.Build.0 = Debug|Any CPU
		{9DD6E1C5-FC11-482B-A3D8-84C146B9C17A}.Release|Any CPU.ActiveCfg = Release|Any CPU
		{9DD6E1C5-FC11-482B-A3D8-84C146B9C17A}.Release|Any CPU.Build.0 = Release|Any CPU
	EndGlobalSection
	GlobalSection(SolutionProperties) = preSolution
		HideSolutionNode = FALSE
	EndGlobalSection
	GlobalSection(ExtensibilityGlobals) = postSolution
		SolutionGuid = {86108C59-61DB-4332-8507-C37B04C617A5}
	EndGlobalSection
EndGlobal
